// !$*UTF8*$!
{
	archiveVersion = 1;
	classes = {
	};
	objectVersion = 48;
	objects = {

/* Begin PBXBuildFile section */
		4C123C341FA7B0CD004C639B /* AppDelegate.swift in Sources */ = {isa = PBXBuildFile; fileRef = 4C123C331FA7B0CD004C639B /* AppDelegate.swift */; };
		4C123C361FA7B0CD004C639B /* ViewController.swift in Sources */ = {isa = PBXBuildFile; fileRef = 4C123C351FA7B0CD004C639B /* ViewController.swift */; };
		4C123C3C1FA7B0CD004C639B /* kinetic.xcdatamodeld in Sources */ = {isa = PBXBuildFile; fileRef = 4C123C3A1FA7B0CD004C639B /* kinetic.xcdatamodeld */; };
		4C123C4C1FA7B0CD004C639B /* kineticTests.swift in Sources */ = {isa = PBXBuildFile; fileRef = 4C123C4B1FA7B0CD004C639B /* kineticTests.swift */; };
		4C123C571FA7B0CD004C639B /* kineticUITests.swift in Sources */ = {isa = PBXBuildFile; fileRef = 4C123C561FA7B0CD004C639B /* kineticUITests.swift */; };
		4C123CA81FA7B761004C639B /* Assets.xcassets in Resources */ = {isa = PBXBuildFile; fileRef = 4C123CA71FA7B761004C639B /* Assets.xcassets */; };
		4C123CF71FA7CC67004C639B /* libsqlite3.tbd in Frameworks */ = {isa = PBXBuildFile; fileRef = 4C123CF61FA7CC66004C639B /* libsqlite3.tbd */; };
		4CDA40481FAA400F00E9B1C9 /* Login in Resources */ = {isa = PBXBuildFile; fileRef = 4CDA403B1FAA400D00E9B1C9 /* Login */; };
		4CDA40491FAA400F00E9B1C9 /* MainNavigationViewController.swift in Sources */ = {isa = PBXBuildFile; fileRef = 4CDA403C1FAA400D00E9B1C9 /* MainNavigationViewController.swift */; };
		4CDA404A1FAA400F00E9B1C9 /* Profiles in Resources */ = {isa = PBXBuildFile; fileRef = 4CDA403D1FAA400E00E9B1C9 /* Profiles */; };
		4CDA404B1FAA400F00E9B1C9 /* Main.storyboard in Resources */ = {isa = PBXBuildFile; fileRef = 4CDA403E1FAA400E00E9B1C9 /* Main.storyboard */; };
		4CDA404D1FAA400F00E9B1C9 /* RootContainerViewController.swift in Sources */ = {isa = PBXBuildFile; fileRef = 4CDA40401FAA400E00E9B1C9 /* RootContainerViewController.swift */; };
		4CDA404E1FAA400F00E9B1C9 /* Lang.swift in Sources */ = {isa = PBXBuildFile; fileRef = 4CDA40411FAA400E00E9B1C9 /* Lang.swift */; };
		4CDA404F1FAA400F00E9B1C9 /* MainTabBarController.swift in Sources */ = {isa = PBXBuildFile; fileRef = 4CDA40421FAA400E00E9B1C9 /* MainTabBarController.swift */; };
		4CDA40501FAA400F00E9B1C9 /* Organizations in Resources */ = {isa = PBXBuildFile; fileRef = 4CDA40431FAA400E00E9B1C9 /* Organizations */; };
		4CDA40511FAA400F00E9B1C9 /* Models in Resources */ = {isa = PBXBuildFile; fileRef = 4CDA40441FAA400E00E9B1C9 /* Models */; };
		4CDA40521FAA400F00E9B1C9 /* Networking in Resources */ = {isa = PBXBuildFile; fileRef = 4CDA40451FAA400E00E9B1C9 /* Networking */; };
		4CDA40531FAA400F00E9B1C9 /* MenuNavigationViewController.swift in Sources */ = {isa = PBXBuildFile; fileRef = 4CDA40461FAA400E00E9B1C9 /* MenuNavigationViewController.swift */; };
		4CDA40541FAA400F00E9B1C9 /* LaunchScreen.storyboard in Resources */ = {isa = PBXBuildFile; fileRef = 4CDA40471FAA400E00E9B1C9 /* LaunchScreen.storyboard */; };
		4CDA405C1FAA402C00E9B1C9 /* HomeViewController.swift in Sources */ = {isa = PBXBuildFile; fileRef = 4CDA40551FAA402B00E9B1C9 /* HomeViewController.swift */; };
		4CDA405D1FAA402C00E9B1C9 /* Camera in Resources */ = {isa = PBXBuildFile; fileRef = 4CDA40561FAA402B00E9B1C9 /* Camera */; };
		4CDA405E1FAA402C00E9B1C9 /* CustomTabBarController.swift in Sources */ = {isa = PBXBuildFile; fileRef = 4CDA40571FAA402B00E9B1C9 /* CustomTabBarController.swift */; };
		4CDA405F1FAA402C00E9B1C9 /* GatewayDetailsNavBar.swift in Sources */ = {isa = PBXBuildFile; fileRef = 4CDA40581FAA402B00E9B1C9 /* GatewayDetailsNavBar.swift */; };
		4CDA40601FAA402C00E9B1C9 /* Commons in Resources */ = {isa = PBXBuildFile; fileRef = 4CDA40591FAA402B00E9B1C9 /* Commons */; };
		4CDA40611FAA402C00E9B1C9 /* GatewaysDetailTabBarController.swift in Sources */ = {isa = PBXBuildFile; fileRef = 4CDA405A1FAA402B00E9B1C9 /* GatewaysDetailTabBarController.swift */; };
		4CDA40621FAA402C00E9B1C9 /* Gateways in Resources */ = {isa = PBXBuildFile; fileRef = 4CDA405B1FAA402B00E9B1C9 /* Gateways */; };
		4CDA40641FAA405300E9B1C9 /* SplashScreenUI in Resources */ = {isa = PBXBuildFile; fileRef = 4CDA40631FAA405300E9B1C9 /* SplashScreenUI */; };
		55F4B0D8B7D2FAB57EF01780 /* Pods_kineticTests.framework in Frameworks */ = {isa = PBXBuildFile; fileRef = 3C6B63DC49A3B697E50319FF /* Pods_kineticTests.framework */; };
		95AA478F813258CDD0C73FC0 /* Pods_kineticUITests.framework in Frameworks */ = {isa = PBXBuildFile; fileRef = CE04BFA3D22A81ACC374597F /* Pods_kineticUITests.framework */; };
		C04C8C220CE4E7D0B314412C /* Pods_kinetic.framework in Frameworks */ = {isa = PBXBuildFile; fileRef = A8682D3161D8CEAE4688B2C6 /* Pods_kinetic.framework */; };
/* End PBXBuildFile section */

/* Begin PBXContainerItemProxy section */
		4C123C481FA7B0CD004C639B /* PBXContainerItemProxy */ = {
			isa = PBXContainerItemProxy;
			containerPortal = 4C123C281FA7B0CD004C639B /* Project object */;
			proxyType = 1;
			remoteGlobalIDString = 4C123C2F1FA7B0CD004C639B;
			remoteInfo = kinetic;
		};
		4C123C531FA7B0CD004C639B /* PBXContainerItemProxy */ = {
			isa = PBXContainerItemProxy;
			containerPortal = 4C123C281FA7B0CD004C639B /* Project object */;
			proxyType = 1;
			remoteGlobalIDString = 4C123C2F1FA7B0CD004C639B;
			remoteInfo = kinetic;
		};
/* End PBXContainerItemProxy section */

/* Begin PBXFileReference section */
		3C6B63DC49A3B697E50319FF /* Pods_kineticTests.framework */ = {isa = PBXFileReference; explicitFileType = wrapper.framework; includeInIndex = 0; path = Pods_kineticTests.framework; sourceTree = BUILT_PRODUCTS_DIR; };
		4C123C301FA7B0CD004C639B /* kinetic.app */ = {isa = PBXFileReference; explicitFileType = wrapper.application; includeInIndex = 0; path = kinetic.app; sourceTree = BUILT_PRODUCTS_DIR; };
		4C123C331FA7B0CD004C639B /* AppDelegate.swift */ = {isa = PBXFileReference; lastKnownFileType = sourcecode.swift; path = AppDelegate.swift; sourceTree = "<group>"; };
		4C123C351FA7B0CD004C639B /* ViewController.swift */ = {isa = PBXFileReference; lastKnownFileType = sourcecode.swift; path = ViewController.swift; sourceTree = "<group>"; };
		4C123C3B1FA7B0CD004C639B /* kinetic.xcdatamodel */ = {isa = PBXFileReference; lastKnownFileType = wrapper.xcdatamodel; path = kinetic.xcdatamodel; sourceTree = "<group>"; };
		4C123C421FA7B0CD004C639B /* Info.plist */ = {isa = PBXFileReference; lastKnownFileType = text.plist.xml; path = Info.plist; sourceTree = "<group>"; };
		4C123C471FA7B0CD004C639B /* kineticTests.xctest */ = {isa = PBXFileReference; explicitFileType = wrapper.cfbundle; includeInIndex = 0; path = kineticTests.xctest; sourceTree = BUILT_PRODUCTS_DIR; };
		4C123C4B1FA7B0CD004C639B /* kineticTests.swift */ = {isa = PBXFileReference; lastKnownFileType = sourcecode.swift; path = kineticTests.swift; sourceTree = "<group>"; };
		4C123C4D1FA7B0CD004C639B /* Info.plist */ = {isa = PBXFileReference; lastKnownFileType = text.plist.xml; path = Info.plist; sourceTree = "<group>"; };
		4C123C521FA7B0CD004C639B /* kineticUITests.xctest */ = {isa = PBXFileReference; explicitFileType = wrapper.cfbundle; includeInIndex = 0; path = kineticUITests.xctest; sourceTree = BUILT_PRODUCTS_DIR; };
		4C123C561FA7B0CD004C639B /* kineticUITests.swift */ = {isa = PBXFileReference; lastKnownFileType = sourcecode.swift; path = kineticUITests.swift; sourceTree = "<group>"; };
		4C123C581FA7B0CD004C639B /* Info.plist */ = {isa = PBXFileReference; lastKnownFileType = text.plist.xml; path = Info.plist; sourceTree = "<group>"; };
		4C123CA71FA7B761004C639B /* Assets.xcassets */ = {isa = PBXFileReference; lastKnownFileType = folder.assetcatalog; path = Assets.xcassets; sourceTree = "<group>"; };
		4C123CF61FA7CC66004C639B /* libsqlite3.tbd */ = {isa = PBXFileReference; lastKnownFileType = "sourcecode.text-based-dylib-definition"; name = libsqlite3.tbd; path = usr/lib/libsqlite3.tbd; sourceTree = SDKROOT; };
		4CDA403B1FAA400D00E9B1C9 /* Login */ = {isa = PBXFileReference; lastKnownFileType = folder; path = Login; sourceTree = "<group>"; };
		4CDA403C1FAA400D00E9B1C9 /* MainNavigationViewController.swift */ = {isa = PBXFileReference; fileEncoding = 4; lastKnownFileType = sourcecode.swift; path = MainNavigationViewController.swift; sourceTree = "<group>"; };
		4CDA403D1FAA400E00E9B1C9 /* Profiles */ = {isa = PBXFileReference; lastKnownFileType = folder; path = Profiles; sourceTree = "<group>"; };
		4CDA403E1FAA400E00E9B1C9 /* Main.storyboard */ = {isa = PBXFileReference; fileEncoding = 4; lastKnownFileType = file.storyboard; path = Main.storyboard; sourceTree = "<group>"; };
		4CDA40401FAA400E00E9B1C9 /* RootContainerViewController.swift */ = {isa = PBXFileReference; fileEncoding = 4; lastKnownFileType = sourcecode.swift; path = RootContainerViewController.swift; sourceTree = "<group>"; };
		4CDA40411FAA400E00E9B1C9 /* Lang.swift */ = {isa = PBXFileReference; fileEncoding = 4; lastKnownFileType = sourcecode.swift; path = Lang.swift; sourceTree = "<group>"; };
		4CDA40421FAA400E00E9B1C9 /* MainTabBarController.swift */ = {isa = PBXFileReference; fileEncoding = 4; lastKnownFileType = sourcecode.swift; path = MainTabBarController.swift; sourceTree = "<group>"; };
		4CDA40431FAA400E00E9B1C9 /* Organizations */ = {isa = PBXFileReference; lastKnownFileType = folder; path = Organizations; sourceTree = "<group>"; };
		4CDA40441FAA400E00E9B1C9 /* Models */ = {isa = PBXFileReference; lastKnownFileType = folder; path = Models; sourceTree = "<group>"; };
		4CDA40451FAA400E00E9B1C9 /* Networking */ = {isa = PBXFileReference; lastKnownFileType = folder; path = Networking; sourceTree = "<group>"; };
		4CDA40461FAA400E00E9B1C9 /* MenuNavigationViewController.swift */ = {isa = PBXFileReference; fileEncoding = 4; lastKnownFileType = sourcecode.swift; path = MenuNavigationViewController.swift; sourceTree = "<group>"; };
		4CDA40471FAA400E00E9B1C9 /* LaunchScreen.storyboard */ = {isa = PBXFileReference; fileEncoding = 4; lastKnownFileType = file.storyboard; path = LaunchScreen.storyboard; sourceTree = "<group>"; };
		4CDA40551FAA402B00E9B1C9 /* HomeViewController.swift */ = {isa = PBXFileReference; fileEncoding = 4; lastKnownFileType = sourcecode.swift; path = HomeViewController.swift; sourceTree = "<group>"; };
		4CDA40561FAA402B00E9B1C9 /* Camera */ = {isa = PBXFileReference; lastKnownFileType = folder; path = Camera; sourceTree = "<group>"; };
		4CDA40571FAA402B00E9B1C9 /* CustomTabBarController.swift */ = {isa = PBXFileReference; fileEncoding = 4; lastKnownFileType = sourcecode.swift; path = CustomTabBarController.swift; sourceTree = "<group>"; };
		4CDA40581FAA402B00E9B1C9 /* GatewayDetailsNavBar.swift */ = {isa = PBXFileReference; fileEncoding = 4; lastKnownFileType = sourcecode.swift; path = GatewayDetailsNavBar.swift; sourceTree = "<group>"; };
		4CDA40591FAA402B00E9B1C9 /* Commons */ = {isa = PBXFileReference; lastKnownFileType = folder; path = Commons; sourceTree = "<group>"; };
		4CDA405A1FAA402B00E9B1C9 /* GatewaysDetailTabBarController.swift */ = {isa = PBXFileReference; fileEncoding = 4; lastKnownFileType = sourcecode.swift; path = GatewaysDetailTabBarController.swift; sourceTree = "<group>"; };
		4CDA405B1FAA402B00E9B1C9 /* Gateways */ = {isa = PBXFileReference; lastKnownFileType = folder; path = Gateways; sourceTree = "<group>"; };
		4CDA40631FAA405300E9B1C9 /* SplashScreenUI */ = {isa = PBXFileReference; lastKnownFileType = folder; path = SplashScreenUI; sourceTree = "<group>"; };
		52559A6A09FED8B99D1818D9 /* Pods-kineticTests.release.xcconfig */ = {isa = PBXFileReference; includeInIndex = 1; lastKnownFileType = text.xcconfig; name = "Pods-kineticTests.release.xcconfig"; path = "Pods/Target Support Files/Pods-kineticTests/Pods-kineticTests.release.xcconfig"; sourceTree = "<group>"; };
		63D80BB0CBD8C3970EC116D6 /* Pods-kineticUITests.debug.xcconfig */ = {isa = PBXFileReference; includeInIndex = 1; lastKnownFileType = text.xcconfig; name = "Pods-kineticUITests.debug.xcconfig"; path = "Pods/Target Support Files/Pods-kineticUITests/Pods-kineticUITests.debug.xcconfig"; sourceTree = "<group>"; };
		73538281982AB4ED4846F0EA /* Pods-kinetic.release.xcconfig */ = {isa = PBXFileReference; includeInIndex = 1; lastKnownFileType = text.xcconfig; name = "Pods-kinetic.release.xcconfig"; path = "Pods/Target Support Files/Pods-kinetic/Pods-kinetic.release.xcconfig"; sourceTree = "<group>"; };
		8DC62B0279692653F6D71D23 /* Pods-kineticTests.debug.xcconfig */ = {isa = PBXFileReference; includeInIndex = 1; lastKnownFileType = text.xcconfig; name = "Pods-kineticTests.debug.xcconfig"; path = "Pods/Target Support Files/Pods-kineticTests/Pods-kineticTests.debug.xcconfig"; sourceTree = "<group>"; };
		9A7726A477AFFCADE7A1F40B /* Pods-kineticUITests.release.xcconfig */ = {isa = PBXFileReference; includeInIndex = 1; lastKnownFileType = text.xcconfig; name = "Pods-kineticUITests.release.xcconfig"; path = "Pods/Target Support Files/Pods-kineticUITests/Pods-kineticUITests.release.xcconfig"; sourceTree = "<group>"; };
		A8682D3161D8CEAE4688B2C6 /* Pods_kinetic.framework */ = {isa = PBXFileReference; explicitFileType = wrapper.framework; includeInIndex = 0; path = Pods_kinetic.framework; sourceTree = BUILT_PRODUCTS_DIR; };
		C632E4E4262DE309610DD18D /* Pods-kinetic.debug.xcconfig */ = {isa = PBXFileReference; includeInIndex = 1; lastKnownFileType = text.xcconfig; name = "Pods-kinetic.debug.xcconfig"; path = "Pods/Target Support Files/Pods-kinetic/Pods-kinetic.debug.xcconfig"; sourceTree = "<group>"; };
		CE04BFA3D22A81ACC374597F /* Pods_kineticUITests.framework */ = {isa = PBXFileReference; explicitFileType = wrapper.framework; includeInIndex = 0; path = Pods_kineticUITests.framework; sourceTree = BUILT_PRODUCTS_DIR; };
/* End PBXFileReference section */

/* Begin PBXFrameworksBuildPhase section */
		4C123C2D1FA7B0CD004C639B /* Frameworks */ = {
			isa = PBXFrameworksBuildPhase;
			buildActionMask = 2147483647;
			files = (
				4C123CF71FA7CC67004C639B /* libsqlite3.tbd in Frameworks */,
				C04C8C220CE4E7D0B314412C /* Pods_kinetic.framework in Frameworks */,
			);
			runOnlyForDeploymentPostprocessing = 0;
		};
		4C123C441FA7B0CD004C639B /* Frameworks */ = {
			isa = PBXFrameworksBuildPhase;
			buildActionMask = 2147483647;
			files = (
				55F4B0D8B7D2FAB57EF01780 /* Pods_kineticTests.framework in Frameworks */,
			);
			runOnlyForDeploymentPostprocessing = 0;
		};
		4C123C4F1FA7B0CD004C639B /* Frameworks */ = {
			isa = PBXFrameworksBuildPhase;
			buildActionMask = 2147483647;
			files = (
				95AA478F813258CDD0C73FC0 /* Pods_kineticUITests.framework in Frameworks */,
			);
			runOnlyForDeploymentPostprocessing = 0;
		};
/* End PBXFrameworksBuildPhase section */

/* Begin PBXGroup section */
		33643B25B1F2A03FF96FBFB4 /* Frameworks */ = {
			isa = PBXGroup;
			children = (
				4C123CF61FA7CC66004C639B /* libsqlite3.tbd */,
				A8682D3161D8CEAE4688B2C6 /* Pods_kinetic.framework */,
				3C6B63DC49A3B697E50319FF /* Pods_kineticTests.framework */,
				CE04BFA3D22A81ACC374597F /* Pods_kineticUITests.framework */,
			);
			name = Frameworks;
			sourceTree = "<group>";
		};
		4C123C271FA7B0CD004C639B = {
			isa = PBXGroup;
			children = (
				4C123C321FA7B0CD004C639B /* kinetic */,
				4C123C4A1FA7B0CD004C639B /* kineticTests */,
				4C123C551FA7B0CD004C639B /* kineticUITests */,
				4C123C311FA7B0CD004C639B /* Products */,
				33643B25B1F2A03FF96FBFB4 /* Frameworks */,
				850D2AAF68DE05536880C40C /* Pods */,
			);
			sourceTree = "<group>";
		};
		4C123C311FA7B0CD004C639B /* Products */ = {
			isa = PBXGroup;
			children = (
				4C123C301FA7B0CD004C639B /* kinetic.app */,
				4C123C471FA7B0CD004C639B /* kineticTests.xctest */,
				4C123C521FA7B0CD004C639B /* kineticUITests.xctest */,
			);
			name = Products;
			sourceTree = "<group>";
		};
		4C123C321FA7B0CD004C639B /* kinetic */ = {
			isa = PBXGroup;
			children = (
				4CDA40631FAA405300E9B1C9 /* SplashScreenUI */,
				4CDA40431FAA400E00E9B1C9 /* Organizations */,
				4CDA40561FAA402B00E9B1C9 /* Camera */,
				4CDA40591FAA402B00E9B1C9 /* Commons */,
				4CDA405B1FAA402B00E9B1C9 /* Gateways */,
				4CDA403B1FAA400D00E9B1C9 /* Login */,
				4CDA403D1FAA400E00E9B1C9 /* Profiles */,
				4CDA40441FAA400E00E9B1C9 /* Models */,
				4CDA40451FAA400E00E9B1C9 /* Networking */,
				4CDA40571FAA402B00E9B1C9 /* CustomTabBarController.swift */,
				4CDA40581FAA402B00E9B1C9 /* GatewayDetailsNavBar.swift */,
				4CDA405A1FAA402B00E9B1C9 /* GatewaysDetailTabBarController.swift */,
				4CDA40551FAA402B00E9B1C9 /* HomeViewController.swift */,
				4CDA40411FAA400E00E9B1C9 /* Lang.swift */,
				4CDA40471FAA400E00E9B1C9 /* LaunchScreen.storyboard */,
				4CDA403E1FAA400E00E9B1C9 /* Main.storyboard */,
				4CDA403C1FAA400D00E9B1C9 /* MainNavigationViewController.swift */,
				4CDA40421FAA400E00E9B1C9 /* MainTabBarController.swift */,
				4CDA40461FAA400E00E9B1C9 /* MenuNavigationViewController.swift */,
				4CDA40401FAA400E00E9B1C9 /* RootContainerViewController.swift */,
				4C123CA71FA7B761004C639B /* Assets.xcassets */,
				4C123C331FA7B0CD004C639B /* AppDelegate.swift */,
				4C123C351FA7B0CD004C639B /* ViewController.swift */,
				4C123C421FA7B0CD004C639B /* Info.plist */,
				4C123C3A1FA7B0CD004C639B /* kinetic.xcdatamodeld */,
			);
			path = kinetic;
			sourceTree = "<group>";
		};
		4C123C4A1FA7B0CD004C639B /* kineticTests */ = {
			isa = PBXGroup;
			children = (
				4C123C4B1FA7B0CD004C639B /* kineticTests.swift */,
				4C123C4D1FA7B0CD004C639B /* Info.plist */,
			);
			path = kineticTests;
			sourceTree = "<group>";
		};
		4C123C551FA7B0CD004C639B /* kineticUITests */ = {
			isa = PBXGroup;
			children = (
				4C123C561FA7B0CD004C639B /* kineticUITests.swift */,
				4C123C581FA7B0CD004C639B /* Info.plist */,
			);
			path = kineticUITests;
			sourceTree = "<group>";
		};
		850D2AAF68DE05536880C40C /* Pods */ = {
			isa = PBXGroup;
			children = (
				C632E4E4262DE309610DD18D /* Pods-kinetic.debug.xcconfig */,
				73538281982AB4ED4846F0EA /* Pods-kinetic.release.xcconfig */,
				8DC62B0279692653F6D71D23 /* Pods-kineticTests.debug.xcconfig */,
				52559A6A09FED8B99D1818D9 /* Pods-kineticTests.release.xcconfig */,
				63D80BB0CBD8C3970EC116D6 /* Pods-kineticUITests.debug.xcconfig */,
				9A7726A477AFFCADE7A1F40B /* Pods-kineticUITests.release.xcconfig */,
			);
			name = Pods;
			sourceTree = "<group>";
		};
/* End PBXGroup section */

/* Begin PBXNativeTarget section */
		4C123C2F1FA7B0CD004C639B /* kinetic */ = {
			isa = PBXNativeTarget;
			buildConfigurationList = 4C123C5B1FA7B0CD004C639B /* Build configuration list for PBXNativeTarget "kinetic" */;
			buildPhases = (
				E9A8327B79993A04D9914096 /* [CP] Check Pods Manifest.lock */,
				4C123C2C1FA7B0CD004C639B /* Sources */,
				4C123C2D1FA7B0CD004C639B /* Frameworks */,
				4C123C2E1FA7B0CD004C639B /* Resources */,
				C599E165955C38A2DA7AB397 /* [CP] Embed Pods Frameworks */,
				061D8028D0D10DF27A3B223E /* [CP] Copy Pods Resources */,
			);
			buildRules = (
			);
			dependencies = (
			);
			name = kinetic;
			productName = kinetic;
			productReference = 4C123C301FA7B0CD004C639B /* kinetic.app */;
			productType = "com.apple.product-type.application";
		};
		4C123C461FA7B0CD004C639B /* kineticTests */ = {
			isa = PBXNativeTarget;
			buildConfigurationList = 4C123C5E1FA7B0CD004C639B /* Build configuration list for PBXNativeTarget "kineticTests" */;
			buildPhases = (
				11368E10481D07EBA1E46409 /* [CP] Check Pods Manifest.lock */,
				4C123C431FA7B0CD004C639B /* Sources */,
				4C123C441FA7B0CD004C639B /* Frameworks */,
				4C123C451FA7B0CD004C639B /* Resources */,
				C3A5119C2FD405A0D559B56B /* [CP] Embed Pods Frameworks */,
				64A995F7138D0D2F45C2B559 /* [CP] Copy Pods Resources */,
			);
			buildRules = (
			);
			dependencies = (
				4C123C491FA7B0CD004C639B /* PBXTargetDependency */,
			);
			name = kineticTests;
			productName = kineticTests;
			productReference = 4C123C471FA7B0CD004C639B /* kineticTests.xctest */;
			productType = "com.apple.product-type.bundle.unit-test";
		};
		4C123C511FA7B0CD004C639B /* kineticUITests */ = {
			isa = PBXNativeTarget;
			buildConfigurationList = 4C123C611FA7B0CD004C639B /* Build configuration list for PBXNativeTarget "kineticUITests" */;
			buildPhases = (
				F4696B44423B422AF7964066 /* [CP] Check Pods Manifest.lock */,
				4C123C4E1FA7B0CD004C639B /* Sources */,
				4C123C4F1FA7B0CD004C639B /* Frameworks */,
				4C123C501FA7B0CD004C639B /* Resources */,
				9C78D5A1A54291BCCBAF2097 /* [CP] Embed Pods Frameworks */,
				1EED14FF20D1A82F053919EC /* [CP] Copy Pods Resources */,
			);
			buildRules = (
			);
			dependencies = (
				4C123C541FA7B0CD004C639B /* PBXTargetDependency */,
			);
			name = kineticUITests;
			productName = kineticUITests;
			productReference = 4C123C521FA7B0CD004C639B /* kineticUITests.xctest */;
			productType = "com.apple.product-type.bundle.ui-testing";
		};
/* End PBXNativeTarget section */

/* Begin PBXProject section */
		4C123C281FA7B0CD004C639B /* Project object */ = {
			isa = PBXProject;
			attributes = {
				LastSwiftUpdateCheck = 0900;
				LastUpgradeCheck = 0900;
				ORGANIZATIONNAME = cisco;
				TargetAttributes = {
					4C123C2F1FA7B0CD004C639B = {
						CreatedOnToolsVersion = 9.0;
						ProvisioningStyle = Automatic;
					};
					4C123C461FA7B0CD004C639B = {
						CreatedOnToolsVersion = 9.0;
						ProvisioningStyle = Automatic;
						TestTargetID = 4C123C2F1FA7B0CD004C639B;
					};
					4C123C511FA7B0CD004C639B = {
						CreatedOnToolsVersion = 9.0;
						ProvisioningStyle = Automatic;
						TestTargetID = 4C123C2F1FA7B0CD004C639B;
					};
				};
			};
			buildConfigurationList = 4C123C2B1FA7B0CD004C639B /* Build configuration list for PBXProject "kinetic" */;
			compatibilityVersion = "Xcode 8.0";
			developmentRegion = en;
			hasScannedForEncodings = 0;
			knownRegions = (
				en,
				Base,
			);
			mainGroup = 4C123C271FA7B0CD004C639B;
			productRefGroup = 4C123C311FA7B0CD004C639B /* Products */;
			projectDirPath = "";
			projectRoot = "";
			targets = (
				4C123C2F1FA7B0CD004C639B /* kinetic */,
				4C123C461FA7B0CD004C639B /* kineticTests */,
				4C123C511FA7B0CD004C639B /* kineticUITests */,
			);
		};
/* End PBXProject section */

/* Begin PBXResourcesBuildPhase section */
		4C123C2E1FA7B0CD004C639B /* Resources */ = {
			isa = PBXResourcesBuildPhase;
			buildActionMask = 2147483647;
			files = (
				4CDA40541FAA400F00E9B1C9 /* LaunchScreen.storyboard in Resources */,
				4CDA404A1FAA400F00E9B1C9 /* Profiles in Resources */,
				4CDA40481FAA400F00E9B1C9 /* Login in Resources */,
				4CDA40521FAA400F00E9B1C9 /* Networking in Resources */,
				4CDA40601FAA402C00E9B1C9 /* Commons in Resources */,
				4C123CA81FA7B761004C639B /* Assets.xcassets in Resources */,
				4CDA405D1FAA402C00E9B1C9 /* Camera in Resources */,
				4CDA40641FAA405300E9B1C9 /* SplashScreenUI in Resources */,
				4CDA40501FAA400F00E9B1C9 /* Organizations in Resources */,
				4CDA404B1FAA400F00E9B1C9 /* Main.storyboard in Resources */,
				4CDA40621FAA402C00E9B1C9 /* Gateways in Resources */,
				4CDA40511FAA400F00E9B1C9 /* Models in Resources */,
			);
			runOnlyForDeploymentPostprocessing = 0;
		};
		4C123C451FA7B0CD004C639B /* Resources */ = {
			isa = PBXResourcesBuildPhase;
			buildActionMask = 2147483647;
			files = (
			);
			runOnlyForDeploymentPostprocessing = 0;
		};
		4C123C501FA7B0CD004C639B /* Resources */ = {
			isa = PBXResourcesBuildPhase;
			buildActionMask = 2147483647;
			files = (
			);
			runOnlyForDeploymentPostprocessing = 0;
		};
/* End PBXResourcesBuildPhase section */

/* Begin PBXShellScriptBuildPhase section */
		061D8028D0D10DF27A3B223E /* [CP] Copy Pods Resources */ = {
			isa = PBXShellScriptBuildPhase;
			buildActionMask = 2147483647;
			files = (
			);
			inputPaths = (
			);
			name = "[CP] Copy Pods Resources";
			outputPaths = (
			);
			runOnlyForDeploymentPostprocessing = 0;
			shellPath = /bin/sh;
			shellScript = "\"${SRCROOT}/Pods/Target Support Files/Pods-kinetic/Pods-kinetic-resources.sh\"\n";
			showEnvVarsInLog = 0;
		};
		11368E10481D07EBA1E46409 /* [CP] Check Pods Manifest.lock */ = {
			isa = PBXShellScriptBuildPhase;
			buildActionMask = 2147483647;
			files = (
			);
			inputPaths = (
			);
			name = "[CP] Check Pods Manifest.lock";
			outputPaths = (
			);
			runOnlyForDeploymentPostprocessing = 0;
			shellPath = /bin/sh;
			shellScript = "diff \"${PODS_PODFILE_DIR_PATH}/Podfile.lock\" \"${PODS_ROOT}/Manifest.lock\" > /dev/null\nif [ $? != 0 ] ; then\n    # print error to STDERR\n    echo \"error: The sandbox is not in sync with the Podfile.lock. Run 'pod install' or update your CocoaPods installation.\" >&2\n    exit 1\nfi\n";
			showEnvVarsInLog = 0;
		};
		1EED14FF20D1A82F053919EC /* [CP] Copy Pods Resources */ = {
			isa = PBXShellScriptBuildPhase;
			buildActionMask = 2147483647;
			files = (
			);
			inputPaths = (
			);
			name = "[CP] Copy Pods Resources";
			outputPaths = (
			);
			runOnlyForDeploymentPostprocessing = 0;
			shellPath = /bin/sh;
			shellScript = "\"${SRCROOT}/Pods/Target Support Files/Pods-kineticUITests/Pods-kineticUITests-resources.sh\"\n";
			showEnvVarsInLog = 0;
		};
		64A995F7138D0D2F45C2B559 /* [CP] Copy Pods Resources */ = {
			isa = PBXShellScriptBuildPhase;
			buildActionMask = 2147483647;
			files = (
			);
			inputPaths = (
			);
			name = "[CP] Copy Pods Resources";
			outputPaths = (
			);
			runOnlyForDeploymentPostprocessing = 0;
			shellPath = /bin/sh;
			shellScript = "\"${SRCROOT}/Pods/Target Support Files/Pods-kineticTests/Pods-kineticTests-resources.sh\"\n";
			showEnvVarsInLog = 0;
		};
		9C78D5A1A54291BCCBAF2097 /* [CP] Embed Pods Frameworks */ = {
			isa = PBXShellScriptBuildPhase;
			buildActionMask = 2147483647;
			files = (
			);
			inputPaths = (
			);
			name = "[CP] Embed Pods Frameworks";
			outputPaths = (
			);
			runOnlyForDeploymentPostprocessing = 0;
			shellPath = /bin/sh;
			shellScript = "\"${SRCROOT}/Pods/Target Support Files/Pods-kineticUITests/Pods-kineticUITests-frameworks.sh\"\n";
			showEnvVarsInLog = 0;
		};
		C3A5119C2FD405A0D559B56B /* [CP] Embed Pods Frameworks */ = {
			isa = PBXShellScriptBuildPhase;
			buildActionMask = 2147483647;
			files = (
			);
			inputPaths = (
			);
			name = "[CP] Embed Pods Frameworks";
			outputPaths = (
			);
			runOnlyForDeploymentPostprocessing = 0;
			shellPath = /bin/sh;
			shellScript = "\"${SRCROOT}/Pods/Target Support Files/Pods-kineticTests/Pods-kineticTests-frameworks.sh\"\n";
			showEnvVarsInLog = 0;
		};
		C599E165955C38A2DA7AB397 /* [CP] Embed Pods Frameworks */ = {
			isa = PBXShellScriptBuildPhase;
			buildActionMask = 2147483647;
			files = (
			);
			inputPaths = (
			);
			name = "[CP] Embed Pods Frameworks";
			outputPaths = (
			);
			runOnlyForDeploymentPostprocessing = 0;
			shellPath = /bin/sh;
			shellScript = "\"${SRCROOT}/Pods/Target Support Files/Pods-kinetic/Pods-kinetic-frameworks.sh\"\n";
			showEnvVarsInLog = 0;
		};
		E9A8327B79993A04D9914096 /* [CP] Check Pods Manifest.lock */ = {
			isa = PBXShellScriptBuildPhase;
			buildActionMask = 2147483647;
			files = (
			);
			inputPaths = (
			);
			name = "[CP] Check Pods Manifest.lock";
			outputPaths = (
			);
			runOnlyForDeploymentPostprocessing = 0;
			shellPath = /bin/sh;
			shellScript = "diff \"${PODS_PODFILE_DIR_PATH}/Podfile.lock\" \"${PODS_ROOT}/Manifest.lock\" > /dev/null\nif [ $? != 0 ] ; then\n    # print error to STDERR\n    echo \"error: The sandbox is not in sync with the Podfile.lock. Run 'pod install' or update your CocoaPods installation.\" >&2\n    exit 1\nfi\n";
			showEnvVarsInLog = 0;
		};
		F4696B44423B422AF7964066 /* [CP] Check Pods Manifest.lock */ = {
			isa = PBXShellScriptBuildPhase;
			buildActionMask = 2147483647;
			files = (
			);
			inputPaths = (
			);
			name = "[CP] Check Pods Manifest.lock";
			outputPaths = (
			);
			runOnlyForDeploymentPostprocessing = 0;
			shellPath = /bin/sh;
			shellScript = "diff \"${PODS_PODFILE_DIR_PATH}/Podfile.lock\" \"${PODS_ROOT}/Manifest.lock\" > /dev/null\nif [ $? != 0 ] ; then\n    # print error to STDERR\n    echo \"error: The sandbox is not in sync with the Podfile.lock. Run 'pod install' or update your CocoaPods installation.\" >&2\n    exit 1\nfi\n";
			showEnvVarsInLog = 0;
		};
/* End PBXShellScriptBuildPhase section */

/* Begin PBXSourcesBuildPhase section */
		4C123C2C1FA7B0CD004C639B /* Sources */ = {
			isa = PBXSourcesBuildPhase;
			buildActionMask = 2147483647;
			files = (
				4CDA404D1FAA400F00E9B1C9 /* RootContainerViewController.swift in Sources */,
				4C123C3C1FA7B0CD004C639B /* kinetic.xcdatamodeld in Sources */,
				4CDA405F1FAA402C00E9B1C9 /* GatewayDetailsNavBar.swift in Sources */,
				4CDA405E1FAA402C00E9B1C9 /* CustomTabBarController.swift in Sources */,
				4CDA40491FAA400F00E9B1C9 /* MainNavigationViewController.swift in Sources */,
				4CDA404F1FAA400F00E9B1C9 /* MainTabBarController.swift in Sources */,
				4C123C361FA7B0CD004C639B /* ViewController.swift in Sources */,
				4CDA40611FAA402C00E9B1C9 /* GatewaysDetailTabBarController.swift in Sources */,
				4CDA405C1FAA402C00E9B1C9 /* HomeViewController.swift in Sources */,
				4CDA40531FAA400F00E9B1C9 /* MenuNavigationViewController.swift in Sources */,
				4C123C341FA7B0CD004C639B /* AppDelegate.swift in Sources */,
				4CDA404E1FAA400F00E9B1C9 /* Lang.swift in Sources */,
			);
			runOnlyForDeploymentPostprocessing = 0;
		};
		4C123C431FA7B0CD004C639B /* Sources */ = {
			isa = PBXSourcesBuildPhase;
			buildActionMask = 2147483647;
			files = (
				4C123C4C1FA7B0CD004C639B /* kineticTests.swift in Sources */,
			);
			runOnlyForDeploymentPostprocessing = 0;
		};
		4C123C4E1FA7B0CD004C639B /* Sources */ = {
			isa = PBXSourcesBuildPhase;
			buildActionMask = 2147483647;
			files = (
				4C123C571FA7B0CD004C639B /* kineticUITests.swift in Sources */,
			);
			runOnlyForDeploymentPostprocessing = 0;
		};
/* End PBXSourcesBuildPhase section */

/* Begin PBXTargetDependency section */
		4C123C491FA7B0CD004C639B /* PBXTargetDependency */ = {
			isa = PBXTargetDependency;
			target = 4C123C2F1FA7B0CD004C639B /* kinetic */;
			targetProxy = 4C123C481FA7B0CD004C639B /* PBXContainerItemProxy */;
		};
		4C123C541FA7B0CD004C639B /* PBXTargetDependency */ = {
			isa = PBXTargetDependency;
			target = 4C123C2F1FA7B0CD004C639B /* kinetic */;
			targetProxy = 4C123C531FA7B0CD004C639B /* PBXContainerItemProxy */;
		};
/* End PBXTargetDependency section */

/* Begin XCBuildConfiguration section */
		4C123C591FA7B0CD004C639B /* Debug */ = {
			isa = XCBuildConfiguration;
			buildSettings = {
				ALWAYS_SEARCH_USER_PATHS = NO;
				CLANG_ANALYZER_NONNULL = YES;
				CLANG_ANALYZER_NUMBER_OBJECT_CONVERSION = YES_AGGRESSIVE;
				CLANG_CXX_LANGUAGE_STANDARD = "gnu++14";
				CLANG_CXX_LIBRARY = "libc++";
				CLANG_ENABLE_MODULES = YES;
				CLANG_ENABLE_OBJC_ARC = YES;
				CLANG_WARN_BLOCK_CAPTURE_AUTORELEASING = YES;
				CLANG_WARN_BOOL_CONVERSION = YES;
				CLANG_WARN_COMMA = YES;
				CLANG_WARN_CONSTANT_CONVERSION = YES;
				CLANG_WARN_DIRECT_OBJC_ISA_USAGE = YES_ERROR;
				CLANG_WARN_DOCUMENTATION_COMMENTS = YES;
				CLANG_WARN_EMPTY_BODY = YES;
				CLANG_WARN_ENUM_CONVERSION = YES;
				CLANG_WARN_INFINITE_RECURSION = YES;
				CLANG_WARN_INT_CONVERSION = YES;
				CLANG_WARN_NON_LITERAL_NULL_CONVERSION = YES;
				CLANG_WARN_OBJC_LITERAL_CONVERSION = YES;
				CLANG_WARN_OBJC_ROOT_CLASS = YES_ERROR;
				CLANG_WARN_RANGE_LOOP_ANALYSIS = YES;
				CLANG_WARN_STRICT_PROTOTYPES = YES;
				CLANG_WARN_SUSPICIOUS_MOVE = YES;
				CLANG_WARN_UNGUARDED_AVAILABILITY = YES_AGGRESSIVE;
				CLANG_WARN_UNREACHABLE_CODE = YES;
				CLANG_WARN__DUPLICATE_METHOD_MATCH = YES;
				CODE_SIGN_IDENTITY = "iPhone Developer";
				COPY_PHASE_STRIP = NO;
				DEBUG_INFORMATION_FORMAT = dwarf;
				ENABLE_STRICT_OBJC_MSGSEND = YES;
				ENABLE_TESTABILITY = YES;
				GCC_C_LANGUAGE_STANDARD = gnu11;
				GCC_DYNAMIC_NO_PIC = NO;
				GCC_NO_COMMON_BLOCKS = YES;
				GCC_OPTIMIZATION_LEVEL = 0;
				GCC_PREPROCESSOR_DEFINITIONS = (
					"DEBUG=1",
					"$(inherited)",
				);
				GCC_WARN_64_TO_32_BIT_CONVERSION = YES;
				GCC_WARN_ABOUT_RETURN_TYPE = YES_ERROR;
				GCC_WARN_UNDECLARED_SELECTOR = YES;
				GCC_WARN_UNINITIALIZED_AUTOS = YES_AGGRESSIVE;
				GCC_WARN_UNUSED_FUNCTION = YES;
				GCC_WARN_UNUSED_VARIABLE = YES;
				IPHONEOS_DEPLOYMENT_TARGET = 11.0;
				MTL_ENABLE_DEBUG_INFO = YES;
				ONLY_ACTIVE_ARCH = YES;
				SDKROOT = iphoneos;
				SWIFT_ACTIVE_COMPILATION_CONDITIONS = DEBUG;
				SWIFT_OPTIMIZATION_LEVEL = "-Onone";
			};
			name = Debug;
		};
		4C123C5A1FA7B0CD004C639B /* Release */ = {
			isa = XCBuildConfiguration;
			buildSettings = {
				ALWAYS_SEARCH_USER_PATHS = NO;
				CLANG_ANALYZER_NONNULL = YES;
				CLANG_ANALYZER_NUMBER_OBJECT_CONVERSION = YES_AGGRESSIVE;
				CLANG_CXX_LANGUAGE_STANDARD = "gnu++14";
				CLANG_CXX_LIBRARY = "libc++";
				CLANG_ENABLE_MODULES = YES;
				CLANG_ENABLE_OBJC_ARC = YES;
				CLANG_WARN_BLOCK_CAPTURE_AUTORELEASING = YES;
				CLANG_WARN_BOOL_CONVERSION = YES;
				CLANG_WARN_COMMA = YES;
				CLANG_WARN_CONSTANT_CONVERSION = YES;
				CLANG_WARN_DIRECT_OBJC_ISA_USAGE = YES_ERROR;
				CLANG_WARN_DOCUMENTATION_COMMENTS = YES;
				CLANG_WARN_EMPTY_BODY = YES;
				CLANG_WARN_ENUM_CONVERSION = YES;
				CLANG_WARN_INFINITE_RECURSION = YES;
				CLANG_WARN_INT_CONVERSION = YES;
				CLANG_WARN_NON_LITERAL_NULL_CONVERSION = YES;
				CLANG_WARN_OBJC_LITERAL_CONVERSION = YES;
				CLANG_WARN_OBJC_ROOT_CLASS = YES_ERROR;
				CLANG_WARN_RANGE_LOOP_ANALYSIS = YES;
				CLANG_WARN_STRICT_PROTOTYPES = YES;
				CLANG_WARN_SUSPICIOUS_MOVE = YES;
				CLANG_WARN_UNGUARDED_AVAILABILITY = YES_AGGRESSIVE;
				CLANG_WARN_UNREACHABLE_CODE = YES;
				CLANG_WARN__DUPLICATE_METHOD_MATCH = YES;
				CODE_SIGN_IDENTITY = "iPhone Developer";
				COPY_PHASE_STRIP = NO;
				DEBUG_INFORMATION_FORMAT = "dwarf-with-dsym";
				ENABLE_NS_ASSERTIONS = NO;
				ENABLE_STRICT_OBJC_MSGSEND = YES;
				GCC_C_LANGUAGE_STANDARD = gnu11;
				GCC_NO_COMMON_BLOCKS = YES;
				GCC_WARN_64_TO_32_BIT_CONVERSION = YES;
				GCC_WARN_ABOUT_RETURN_TYPE = YES_ERROR;
				GCC_WARN_UNDECLARED_SELECTOR = YES;
				GCC_WARN_UNINITIALIZED_AUTOS = YES_AGGRESSIVE;
				GCC_WARN_UNUSED_FUNCTION = YES;
				GCC_WARN_UNUSED_VARIABLE = YES;
				IPHONEOS_DEPLOYMENT_TARGET = 11.0;
				MTL_ENABLE_DEBUG_INFO = NO;
				SDKROOT = iphoneos;
				SWIFT_OPTIMIZATION_LEVEL = "-Owholemodule";
				VALIDATE_PRODUCT = YES;
			};
			name = Release;
		};
		4C123C5C1FA7B0CD004C639B /* Debug */ = {
			isa = XCBuildConfiguration;
			baseConfigurationReference = C632E4E4262DE309610DD18D /* Pods-kinetic.debug.xcconfig */;
			buildSettings = {
				ASSETCATALOG_COMPILER_APPICON_NAME = AppIcon;
				CODE_SIGN_STYLE = Automatic;
				DEVELOPMENT_TEAM = M72VVYA3M8;
				FRAMEWORK_SEARCH_PATHS = (
					"$(inherited)",
					"\"$PODS_CONFIGURATION_BUILD_DIR/AFNetworking\"",
					"\"$PODS_CONFIGURATION_BUILD_DIR/FontAwesomeKit\"",
					"\"$PODS_CONFIGURATION_BUILD_DIR/MGSwipeTableCell\"",
					"\"$PODS_CONFIGURATION_BUILD_DIR/NVActivityIndicatorView\"",
					"\"$PODS_CONFIGURATION_BUILD_DIR/ReachabilitySwift\"",
					"\"$PODS_CONFIGURATION_BUILD_DIR/SQLite.swift\"",
					"\"$PODS_CONFIGURATION_BUILD_DIR/SkyFloatingLabelTextField\"",
					"\"$PODS_CONFIGURATION_BUILD_DIR/SwiftValidator\"",
					"\"$PODS_CONFIGURATION_BUILD_DIR/SwiftyJSON\"",
					"\"$PODS_CONFIGURATION_BUILD_DIR/XLPagerTabStrip\"",
					"$(SRCROOT)/**",
				);
				INFOPLIST_FILE = kinetic/Info.plist;
				IPHONEOS_DEPLOYMENT_TARGET = 8.0;
				LD_RUNPATH_SEARCH_PATHS = "$(inherited) @executable_path/Frameworks";
				PRODUCT_BUNDLE_IDENTIFIER = com.cisco.kinetic;
				PRODUCT_NAME = "$(TARGET_NAME)";
				SWIFT_VERSION = 4.0;
				TARGETED_DEVICE_FAMILY = "1,2";
			};
			name = Debug;
		};
		4C123C5D1FA7B0CD004C639B /* Release */ = {
			isa = XCBuildConfiguration;
			baseConfigurationReference = 73538281982AB4ED4846F0EA /* Pods-kinetic.release.xcconfig */;
			buildSettings = {
				ASSETCATALOG_COMPILER_APPICON_NAME = AppIcon;
				CODE_SIGN_STYLE = Automatic;
				DEVELOPMENT_TEAM = M72VVYA3M8;
				FRAMEWORK_SEARCH_PATHS = (
					"$(inherited)",
					"\"$PODS_CONFIGURATION_BUILD_DIR/AFNetworking\"",
					"\"$PODS_CONFIGURATION_BUILD_DIR/FontAwesomeKit\"",
					"\"$PODS_CONFIGURATION_BUILD_DIR/MGSwipeTableCell\"",
					"\"$PODS_CONFIGURATION_BUILD_DIR/NVActivityIndicatorView\"",
					"\"$PODS_CONFIGURATION_BUILD_DIR/ReachabilitySwift\"",
					"\"$PODS_CONFIGURATION_BUILD_DIR/SQLite.swift\"",
					"\"$PODS_CONFIGURATION_BUILD_DIR/SkyFloatingLabelTextField\"",
					"\"$PODS_CONFIGURATION_BUILD_DIR/SwiftValidator\"",
					"\"$PODS_CONFIGURATION_BUILD_DIR/SwiftyJSON\"",
					"\"$PODS_CONFIGURATION_BUILD_DIR/XLPagerTabStrip\"",
					"$(SRCROOT)/**",
				);
				INFOPLIST_FILE = kinetic/Info.plist;
				IPHONEOS_DEPLOYMENT_TARGET = 8.0;
				LD_RUNPATH_SEARCH_PATHS = "$(inherited) @executable_path/Frameworks";
				PRODUCT_BUNDLE_IDENTIFIER = com.cisco.kinetic;
				PRODUCT_NAME = "$(TARGET_NAME)";
				SWIFT_VERSION = 4.0;
				TARGETED_DEVICE_FAMILY = "1,2";
			};
			name = Release;
		};
		4C123C5F1FA7B0CD004C639B /* Debug */ = {
			isa = XCBuildConfiguration;
			baseConfigurationReference = 8DC62B0279692653F6D71D23 /* Pods-kineticTests.debug.xcconfig */;
			buildSettings = {
				ALWAYS_EMBED_SWIFT_STANDARD_LIBRARIES = YES;
				BUNDLE_LOADER = "$(TEST_HOST)";
				CODE_SIGN_STYLE = Automatic;
				DEVELOPMENT_TEAM = M72VVYA3M8;
				INFOPLIST_FILE = kineticTests/Info.plist;
				LD_RUNPATH_SEARCH_PATHS = "$(inherited) @executable_path/Frameworks @loader_path/Frameworks";
				PRODUCT_BUNDLE_IDENTIFIER = com.cisco.kineticTests;
				PRODUCT_NAME = "$(TARGET_NAME)";
				SWIFT_VERSION = 4.0;
				TARGETED_DEVICE_FAMILY = "1,2";
				TEST_HOST = "$(BUILT_PRODUCTS_DIR)/kinetic.app/kinetic";
			};
			name = Debug;
		};
		4C123C601FA7B0CD004C639B /* Release */ = {
			isa = XCBuildConfiguration;
			baseConfigurationReference = 52559A6A09FED8B99D1818D9 /* Pods-kineticTests.release.xcconfig */;
			buildSettings = {
				ALWAYS_EMBED_SWIFT_STANDARD_LIBRARIES = YES;
				BUNDLE_LOADER = "$(TEST_HOST)";
				CODE_SIGN_STYLE = Automatic;
				DEVELOPMENT_TEAM = M72VVYA3M8;
				INFOPLIST_FILE = kineticTests/Info.plist;
				LD_RUNPATH_SEARCH_PATHS = "$(inherited) @executable_path/Frameworks @loader_path/Frameworks";
				PRODUCT_BUNDLE_IDENTIFIER = com.cisco.kineticTests;
				PRODUCT_NAME = "$(TARGET_NAME)";
				SWIFT_VERSION = 4.0;
				TARGETED_DEVICE_FAMILY = "1,2";
				TEST_HOST = "$(BUILT_PRODUCTS_DIR)/kinetic.app/kinetic";
			};
			name = Release;
		};
		4C123C621FA7B0CD004C639B /* Debug */ = {
			isa = XCBuildConfiguration;
			baseConfigurationReference = 63D80BB0CBD8C3970EC116D6 /* Pods-kineticUITests.debug.xcconfig */;
			buildSettings = {
				ALWAYS_EMBED_SWIFT_STANDARD_LIBRARIES = YES;
				CODE_SIGN_STYLE = Automatic;
				DEVELOPMENT_TEAM = M72VVYA3M8;
				INFOPLIST_FILE = kineticUITests/Info.plist;
				LD_RUNPATH_SEARCH_PATHS = "$(inherited) @executable_path/Frameworks @loader_path/Frameworks";
				PRODUCT_BUNDLE_IDENTIFIER = com.cisco.kineticUITests;
				PRODUCT_NAME = "$(TARGET_NAME)";
				SWIFT_VERSION = 4.0;
				TARGETED_DEVICE_FAMILY = "1,2";
				TEST_TARGET_NAME = kinetic;
			};
			name = Debug;
		};
		4C123C631FA7B0CD004C639B /* Release */ = {
			isa = XCBuildConfiguration;
			baseConfigurationReference = 9A7726A477AFFCADE7A1F40B /* Pods-kineticUITests.release.xcconfig */;
			buildSettings = {
				ALWAYS_EMBED_SWIFT_STANDARD_LIBRARIES = YES;
				CODE_SIGN_STYLE = Automatic;
				DEVELOPMENT_TEAM = M72VVYA3M8;
				INFOPLIST_FILE = kineticUITests/Info.plist;
				LD_RUNPATH_SEARCH_PATHS = "$(inherited) @executable_path/Frameworks @loader_path/Frameworks";
				PRODUCT_BUNDLE_IDENTIFIER = com.cisco.kineticUITests;
				PRODUCT_NAME = "$(TARGET_NAME)";
				SWIFT_VERSION = 4.0;
				TARGETED_DEVICE_FAMILY = "1,2";
				TEST_TARGET_NAME = kinetic;
			};
			name = Release;
		};
/* End XCBuildConfiguration section */

/* Begin XCConfigurationList section */
		4C123C2B1FA7B0CD004C639B /* Build configuration list for PBXProject "kinetic" */ = {
			isa = XCConfigurationList;
			buildConfigurations = (
				4C123C591FA7B0CD004C639B /* Debug */,
				4C123C5A1FA7B0CD004C639B /* Release */,
			);
			defaultConfigurationIsVisible = 0;
			defaultConfigurationName = Release;
		};
		4C123C5B1FA7B0CD004C639B /* Build configuration list for PBXNativeTarget "kinetic" */ = {
			isa = XCConfigurationList;
			buildConfigurations = (
				4C123C5C1FA7B0CD004C639B /* Debug */,
				4C123C5D1FA7B0CD004C639B /* Release */,
			);
			defaultConfigurationIsVisible = 0;
			defaultConfigurationName = Release;
		};
		4C123C5E1FA7B0CD004C639B /* Build configuration list for PBXNativeTarget "kineticTests" */ = {
			isa = XCConfigurationList;
			buildConfigurations = (
				4C123C5F1FA7B0CD004C639B /* Debug */,
				4C123C601FA7B0CD004C639B /* Release */,
			);
			defaultConfigurationIsVisible = 0;
			defaultConfigurationName = Release;
		};
		4C123C611FA7B0CD004C639B /* Build configuration list for PBXNativeTarget "kineticUITests" */ = {
			isa = XCConfigurationList;
			buildConfigurations = (
				4C123C621FA7B0CD004C639B /* Debug */,
				4C123C631FA7B0CD004C639B /* Release */,
			);
			defaultConfigurationIsVisible = 0;
			defaultConfigurationName = Release;
		};
/* End XCConfigurationList section */

/* Begin XCVersionGroup section */
		4C123C3A1FA7B0CD004C639B /* kinetic.xcdatamodeld */ = {
			isa = XCVersionGroup;
			children = (
				4C123C3B1FA7B0CD004C639B /* kinetic.xcdatamodel */,
			);
			currentVersion = 4C123C3B1FA7B0CD004C639B /* kinetic.xcdatamodel */;
			path = kinetic.xcdatamodeld;
			sourceTree = "<group>";
			versionGroupType = wrapper.xcdatamodel;
		};
/* End XCVersionGroup section */
	};
	rootObject = 4C123C281FA7B0CD004C639B /* Project object */;
}
